{
  "name": "fitnes",
  "lockfileVersion": 3,
  "requires": true,
  "packages": {
    "": {
      "dependencies": {
        "@ckeditor/ckeditor5-build-classic": "^41.1.0",
        "@ckeditor/ckeditor5-build-inline": "^41.1.0"
      }
    },
    "node_modules/@ckeditor/ckeditor5-adapter-ckfinder": {
      "version": "41.1.0",
      "resolved": "https://registry.npmjs.org/@ckeditor/ckeditor5-adapter-ckfinder/-/ckeditor5-adapter-ckfinder-41.1.0.tgz",
      "integrity": "sha512-0qEaSKeqRiFkn/17D3oglDSG2WVRzwzPWB1fWPHCxgAyWflR2vYUKiyLD8zE5AtMvJvqSNNHaEcrarKiacO9uw==",
      "dependencies": {
        "ckeditor5": "41.1.0"
      }
    },
    "node_modules/@ckeditor/ckeditor5-autoformat": {
      "version": "41.1.0",
      "resolved": "https://registry.npmjs.org/@ckeditor/ckeditor5-autoformat/-/ckeditor5-autoformat-41.1.0.tgz",
      "integrity": "sha512-aTN1bGrGaYwHAjo0kH35pmRDItTUDNFMzJ570OKVmSF4zSmg5ZjfbcZ//otzz5NLePx/K4FjhrCpZlABGI3MDg==",
      "dependencies": {
        "ckeditor5": "41.1.0"
      }
    },
    "node_modules/@ckeditor/ckeditor5-basic-styles": {
      "version": "41.1.0",
      "resolved": "https://registry.npmjs.org/@ckeditor/ckeditor5-basic-styles/-/ckeditor5-basic-styles-41.1.0.tgz",
      "integrity": "sha512-yldViSRB9wTU8SNqfndOJqGQCfCZ0+yufAEbhcmQ/ZHNbIRNIXVYcI91WeZFull640c0DPnj7KT4UxsWu3a4OA==",
      "dependencies": {
        "ckeditor5": "41.1.0"
      }
    },
    "node_modules/@ckeditor/ckeditor5-block-quote": {
      "version": "41.1.0",
      "resolved": "https://registry.npmjs.org/@ckeditor/ckeditor5-block-quote/-/ckeditor5-block-quote-41.1.0.tgz",
      "integrity": "sha512-si1WBGTpUhTR18ywoAD0yy6m+PeGwisIblIGbOdPgs+lfMsFECrftvH8qrTZG1D80S3p0jNa74qw7BSMGk/TUg==",
      "dependencies": {
        "ckeditor5": "41.1.0"
      }
    },
    "node_modules/@ckeditor/ckeditor5-build-classic": {
      "version": "41.1.0",
      "resolved": "https://registry.npmjs.org/@ckeditor/ckeditor5-build-classic/-/ckeditor5-build-classic-41.1.0.tgz",
      "integrity": "sha512-sW3VjZSEIl+KblktXFWseyIixOTDAVwLs0fH/oUgEDuP73mOB/2aZCJcCNijDTNkC2lRc36G9609d+hEjhHZIQ==",
      "dependencies": {
        "@ckeditor/ckeditor5-adapter-ckfinder": "41.1.0",
        "@ckeditor/ckeditor5-autoformat": "41.1.0",
        "@ckeditor/ckeditor5-basic-styles": "41.1.0",
        "@ckeditor/ckeditor5-block-quote": "41.1.0",
        "@ckeditor/ckeditor5-ckbox": "41.1.0",
        "@ckeditor/ckeditor5-ckfinder": "41.1.0",
        "@ckeditor/ckeditor5-cloud-services": "41.1.0",
        "@ckeditor/ckeditor5-easy-image": "41.1.0",
        "@ckeditor/ckeditor5-editor-classic": "41.1.0",
        "@ckeditor/ckeditor5-essentials": "41.1.0",
        "@ckeditor/ckeditor5-heading": "41.1.0",
        "@ckeditor/ckeditor5-image": "41.1.0",
        "@ckeditor/ckeditor5-indent": "41.1.0",
        "@ckeditor/ckeditor5-link": "41.1.0",
        "@ckeditor/ckeditor5-list": "41.1.0",
        "@ckeditor/ckeditor5-media-embed": "41.1.0",
        "@ckeditor/ckeditor5-paragraph": "41.1.0",
        "@ckeditor/ckeditor5-paste-from-office": "41.1.0",
        "@ckeditor/ckeditor5-table": "41.1.0",
        "@ckeditor/ckeditor5-typing": "41.1.0"
      }
    },
    "node_modules/@ckeditor/ckeditor5-build-inline": {
      "version": "41.1.0",
      "resolved": "https://registry.npmjs.org/@ckeditor/ckeditor5-build-inline/-/ckeditor5-build-inline-41.1.0.tgz",
      "integrity": "sha512-zAgSaF3NRDCA82avx3hO66EYK+IOZNAu1FwQN314H2SQ5pfe52UWGAUYRuaFfkss7Y4qygrs59JInc/QkcXI3g==",
      "dependencies": {
        "@ckeditor/ckeditor5-adapter-ckfinder": "41.1.0",
        "@ckeditor/ckeditor5-autoformat": "41.1.0",
        "@ckeditor/ckeditor5-basic-styles": "41.1.0",
        "@ckeditor/ckeditor5-block-quote": "41.1.0",
        "@ckeditor/ckeditor5-ckbox": "41.1.0",
        "@ckeditor/ckeditor5-ckfinder": "41.1.0",
        "@ckeditor/ckeditor5-cloud-services": "41.1.0",
        "@ckeditor/ckeditor5-easy-image": "41.1.0",
        "@ckeditor/ckeditor5-editor-inline": "41.1.0",
        "@ckeditor/ckeditor5-essentials": "41.1.0",
        "@ckeditor/ckeditor5-heading": "41.1.0",
        "@ckeditor/ckeditor5-image": "41.1.0",
        "@ckeditor/ckeditor5-indent": "41.1.0",
        "@ckeditor/ckeditor5-link": "41.1.0",
        "@ckeditor/ckeditor5-list": "41.1.0",
        "@ckeditor/ckeditor5-media-embed": "41.1.0",
        "@ckeditor/ckeditor5-paragraph": "41.1.0",
        "@ckeditor/ckeditor5-paste-from-office": "41.1.0",
        "@ckeditor/ckeditor5-table": "41.1.0",
        "@ckeditor/ckeditor5-typing": "41.1.0"
      }
    },
    "node_modules/@ckeditor/ckeditor5-ckbox": {
      "version": "41.1.0",
      "resolved": "https://registry.npmjs.org/@ckeditor/ckeditor5-ckbox/-/ckeditor5-ckbox-41.1.0.tgz",
      "integrity": "sha512-eS5m97IuRUHjuDe+eUxSpre3pekGPCDbeHIyu/5bmEtFGLoWxNvWmPArZ1l5AsJr4Yj9J/WNepKPbO3yNwDJ5w==",
      "dependencies": {
        "blurhash": "2.0.5",
        "ckeditor5": "41.1.0",
        "lodash-es": "4.17.21"
      }
    },
    "node_modules/@ckeditor/ckeditor5-ckfinder": {
      "version": "41.1.0",
      "resolved": "https://registry.npmjs.org/@ckeditor/ckeditor5-ckfinder/-/ckeditor5-ckfinder-41.1.0.tgz",
      "integrity": "sha512-XsMmjuyzuRHBytTDt3k3Rbf/IvVvZkA5uL7llkLFhR+ujut4WMexZpYREudJOQi/M4/UAkjPLccZB00fuR7OEw==",
      "dependencies": {
        "ckeditor5": "41.1.0"
      }
    },
    "node_modules/@ckeditor/ckeditor5-clipboard": {
      "version": "41.1.0",
      "resolved": "https://registry.npmjs.org/@ckeditor/ckeditor5-clipboard/-/ckeditor5-clipboard-41.1.0.tgz",
      "integrity": "sha512-QbXp3ysaeI2dFWKUvd/Lf1kbmZfq+F+Sbg6/mawBqImyHJjwvO0QrA+SepUSYPuWaTqnPJ5Kng020MMj1Iexyg==",
      "dependencies": {
        "@ckeditor/ckeditor5-core": "41.1.0",
        "@ckeditor/ckeditor5-engine": "41.1.0",
        "@ckeditor/ckeditor5-ui": "41.1.0",
        "@ckeditor/ckeditor5-utils": "41.1.0",
        "@ckeditor/ckeditor5-widget": "41.1.0",
        "lodash-es": "4.17.21"
      }
    },
    "node_modules/@ckeditor/ckeditor5-cloud-services": {
      "version": "41.1.0",
      "resolved": "https://registry.npmjs.org/@ckeditor/ckeditor5-cloud-services/-/ckeditor5-cloud-services-41.1.0.tgz",
      "integrity": "sha512-E24nctJwJoXW4TdVCqsfyo8UBa4I7IiSfH6jeSktE3B3QUgqIbUnOZ/CLOiXkIpbF+7V2Tlx2eFQWheyjs/5ww==",
      "dependencies": {
        "ckeditor5": "41.1.0"
      }
    },
    "node_modules/@ckeditor/ckeditor5-core": {
      "version": "41.1.0",
      "resolved": "https://registry.npmjs.org/@ckeditor/ckeditor5-core/-/ckeditor5-core-41.1.0.tgz",
      "integrity": "sha512-Z23stcZ5lx1jsQa+9jybyz1h/HvIYqpKo2OW9s27KD9oAvbNNYvsNqtCZMDecik/7ofr8wiWC/xnzCk7QRwmuA==",
      "dependencies": {
        "@ckeditor/ckeditor5-engine": "41.1.0",
        "@ckeditor/ckeditor5-utils": "41.1.0",
        "lodash-es": "4.17.21"
      }
    },
    "node_modules/@ckeditor/ckeditor5-easy-image": {
      "version": "41.1.0",
      "resolved": "https://registry.npmjs.org/@ckeditor/ckeditor5-easy-image/-/ckeditor5-easy-image-41.1.0.tgz",
      "integrity": "sha512-m8JPIutEz/rXiR1x7W1u8ty+fYmb0NrZ7Z8x6WCvLSo77b2K++yDmUGQ5KLazR50pQB6Xi8juoSZGm5mcUeoJA==",
      "dependencies": {
        "ckeditor5": "41.1.0"
      }
    },
    "node_modules/@ckeditor/ckeditor5-editor-classic": {
      "version": "41.1.0",
      "resolved": "https://registry.npmjs.org/@ckeditor/ckeditor5-editor-classic/-/ckeditor5-editor-classic-41.1.0.tgz",
      "integrity": "sha512-KMkHPmYalwqDecsMIbNexddhIwe/O0QkD7atJxzwtHWjEWP2bxi0fYPGQvMZXpj1BDXXMyZN6zQZlYfHzrk+7w==",
      "dependencies": {
        "ckeditor5": "41.1.0",
        "lodash-es": "4.17.21"
      }
    },
    "node_modules/@ckeditor/ckeditor5-editor-inline": {
      "version": "41.1.0",
      "resolved": "https://registry.npmjs.org/@ckeditor/ckeditor5-editor-inline/-/ckeditor5-editor-inline-41.1.0.tgz",
      "integrity": "sha512-q7GcBb+NHrL2LzZPnBk+vt31gXrYMN7/2t9Z72E4z+UFLuqB2QGhwRfl7K0htKh1OqAmwNFhcg9mdeOCuHh//Q==",
      "dependencies": {
        "ckeditor5": "41.1.0",
        "lodash-es": "4.17.21"
      }
    },
    "node_modules/@ckeditor/ckeditor5-engine": {
      "version": "41.1.0",
      "resolved": "https://registry.npmjs.org/@ckeditor/ckeditor5-engine/-/ckeditor5-engine-41.1.0.tgz",
      "integrity": "sha512-YYZKXESH6iml9BT3EIlYgKgkH/DqeW2Xe0IzhuC+T7OqemBYp5x/HMP7tQMjsRGImc4+4iyTZ+8pJTAlU5pJyQ==",
      "dependencies": {
        "@ckeditor/ckeditor5-utils": "41.1.0",
        "lodash-es": "4.17.21"
      }
    },
    "node_modules/@ckeditor/ckeditor5-enter": {
      "version": "41.1.0",
      "resolved": "https://registry.npmjs.org/@ckeditor/ckeditor5-enter/-/ckeditor5-enter-41.1.0.tgz",
      "integrity": "sha512-kpESGrUDCuHJbDOXGGYaK4RgwHgyZAY6h2OkXf99yE0Rhm23EOXh09uC07gqzS6q1/4UXM6l0CX/s0jjdD0LuQ==",
      "dependencies": {
        "@ckeditor/ckeditor5-core": "41.1.0",
        "@ckeditor/ckeditor5-engine": "41.1.0",
        "@ckeditor/ckeditor5-utils": "41.1.0"
      }
    },
    "node_modules/@ckeditor/ckeditor5-essentials": {
      "version": "41.1.0",
      "resolved": "https://registry.npmjs.org/@ckeditor/ckeditor5-essentials/-/ckeditor5-essentials-41.1.0.tgz",
      "integrity": "sha512-zUPbApEGl32Err/hURVDPZpXZHpe9gRQ/3r1xhaxIvB2zILcHAKauB94phzPLywrr0eBNa546ZW8+iXjFEJ7CQ==",
      "dependencies": {
        "ckeditor5": "41.1.0"
      }
    },
    "node_modules/@ckeditor/ckeditor5-heading": {
      "version": "41.1.0",
      "resolved": "https://registry.npmjs.org/@ckeditor/ckeditor5-heading/-/ckeditor5-heading-41.1.0.tgz",
      "integrity": "sha512-rOsQ5AIsc5ccsARrs0CsiinoSx5DZrnkHH6PV6wEJcpgvhiJhB7NYG6Maw+vUcaDlY5z012GvAXLvv21ZNpw4w==",
      "dependencies": {
        "ckeditor5": "41.1.0"
      }
    },
    "node_modules/@ckeditor/ckeditor5-image": {
      "version": "41.1.0",
      "resolved": "https://registry.npmjs.org/@ckeditor/ckeditor5-image/-/ckeditor5-image-41.1.0.tgz",
      "integrity": "sha512-K90Dr3nxE8osBcPImP4VOfw9DgwiCPzGUu3vP+4ylMgJxmRetRCmuryEH5Gh4iw+poDr+JeBeTxT/M6n+hdx5w==",
      "dependencies": {
        "@ckeditor/ckeditor5-ui": "41.1.0",
        "ckeditor5": "41.1.0",
        "lodash-es": "4.17.21"
      }
    },
    "node_modules/@ckeditor/ckeditor5-indent": {
      "version": "41.1.0",
      "resolved": "https://registry.npmjs.org/@ckeditor/ckeditor5-indent/-/ckeditor5-indent-41.1.0.tgz",
      "integrity": "sha512-CLEzSf3Y8Ow5W88W2v3znOO5Yo6a3+0//bEWSPyhQ8c7zaWM5gjZ36qGfPhbBnpMy2vYJkSVwW2fZ7rWdRr2cA==",
      "dependencies": {
        "ckeditor5": "41.1.0"
      }
    },
    "node_modules/@ckeditor/ckeditor5-link": {
      "version": "41.1.0",
      "resolved": "https://registry.npmjs.org/@ckeditor/ckeditor5-link/-/ckeditor5-link-41.1.0.tgz",
      "integrity": "sha512-iTf1J+OGiD6sxsMu3tAvHiFVVYz8qm7DwpZ3M3kvRphx2Tv3bFjNaeCK+tiOeBx2Bpm/EdfGs8Q9XzZLjrIBCA==",
      "dependencies": {
        "@ckeditor/ckeditor5-ui": "41.1.0",
        "ckeditor5": "41.1.0",
        "lodash-es": "4.17.21"
      }
    },
    "node_modules/@ckeditor/ckeditor5-list": {
      "version": "41.1.0",
      "resolved": "https://registry.npmjs.org/@ckeditor/ckeditor5-list/-/ckeditor5-list-41.1.0.tgz",
      "integrity": "sha512-tcvUGMIg+Kg1zF0iWFMWHsikvRxwpReAd/QZp/cVUP6EvoL46bc4H6IzFU5qV3g1JM14wjiSTShHWYW8kS6wYA==",
      "dependencies": {
        "ckeditor5": "41.1.0"
      }
    },
    "node_modules/@ckeditor/ckeditor5-media-embed": {
      "version": "41.1.0",
      "resolved": "https://registry.npmjs.org/@ckeditor/ckeditor5-media-embed/-/ckeditor5-media-embed-41.1.0.tgz",
      "integrity": "sha512-fV2rvE7RORY9jR7icswCgWEtQxze6tVahBDI85YaZuruX20+pa5PmxLE6Ls6uzZZFvIl9hJZkkUxzmJC/tPEsw==",
      "dependencies": {
        "@ckeditor/ckeditor5-ui": "41.1.0",
        "ckeditor5": "41.1.0"
      }
    },
    "node_modules/@ckeditor/ckeditor5-paragraph": {
      "version": "41.1.0",
      "resolved": "https://registry.npmjs.org/@ckeditor/ckeditor5-paragraph/-/ckeditor5-paragraph-41.1.0.tgz",
      "integrity": "sha512-4p7imtnmALVbOykbJXOIpU3lI1nCoiDtCHR5B0MTX2oPjmhjRiZEl5cNIMZ0FTquYvdrswQ7zqmeH/++14pBzQ==",
      "dependencies": {
        "@ckeditor/ckeditor5-core": "41.1.0",
        "@ckeditor/ckeditor5-ui": "41.1.0",
        "@ckeditor/ckeditor5-utils": "41.1.0"
      }
    },
    "node_modules/@ckeditor/ckeditor5-paste-from-office": {
      "version": "41.1.0",
      "resolved": "https://registry.npmjs.org/@ckeditor/ckeditor5-paste-from-office/-/ckeditor5-paste-from-office-41.1.0.tgz",
      "integrity": "sha512-xeB7thvP7ZI/0hWkcpO0+zeDD24MJJ9igdlGNblx8QcBcVRLRCkLDj7XkFlYP9zfzGNZUgjbJjPWyHbeYurHNQ==",
      "dependencies": {
        "ckeditor5": "41.1.0"
      }
    },
    "node_modules/@ckeditor/ckeditor5-select-all": {
      "version": "41.1.0",
      "resolved": "https://registry.npmjs.org/@ckeditor/ckeditor5-select-all/-/ckeditor5-select-all-41.1.0.tgz",
      "integrity": "sha512-YGeQZv/VlRzWKwNuJ+qoY50hikcjhjgZlCQeT6ir8RhXBEcSsaTKK+bYYdNnfHoDFGsadosZP6vBpcBTUYrxOw==",
      "dependencies": {
        "@ckeditor/ckeditor5-core": "41.1.0",
        "@ckeditor/ckeditor5-ui": "41.1.0",
        "@ckeditor/ckeditor5-utils": "41.1.0"
      }
    },
    "node_modules/@ckeditor/ckeditor5-table": {
      "version": "41.1.0",
      "resolved": "https://registry.npmjs.org/@ckeditor/ckeditor5-table/-/ckeditor5-table-41.1.0.tgz",
      "integrity": "sha512-MtWPC3DT3Ew3Fm5Tf/aIOqOodzVR/ms1cmB7jKFnJ1IRe0olo8TborMv6UvNWfy5W11vqf33snCEU1ynbJN7zw==",
      "dependencies": {
        "ckeditor5": "41.1.0",
        "lodash-es": "4.17.21"
      }
    },
    "node_modules/@ckeditor/ckeditor5-typing": {
      "version": "41.1.0",
      "resolved": "https://registry.npmjs.org/@ckeditor/ckeditor5-typing/-/ckeditor5-typing-41.1.0.tgz",
      "integrity": "sha512-33XRNa9Z2LTwCWx9GdY7Pyb9ymOaEo+ZarV3hwbD4FOww6CSRB0/29ny+br8WEfJpdM/5EyHNmfLXHpIqP5vtQ==",
      "dependencies": {
        "@ckeditor/ckeditor5-core": "41.1.0",
        "@ckeditor/ckeditor5-engine": "41.1.0",
        "@ckeditor/ckeditor5-utils": "41.1.0",
        "lodash-es": "4.17.21"
      }
    },
    "node_modules/@ckeditor/ckeditor5-ui": {
      "version": "41.1.0",
      "resolved": "https://registry.npmjs.org/@ckeditor/ckeditor5-ui/-/ckeditor5-ui-41.1.0.tgz",
      "integrity": "sha512-U3lgwTUNCLuK9lFrYV8ch/4/AQqW6Cv4DJFiKzpEwLB7PQFOZsoaY0yP2XZ7Wj1IGMfsOF3uECrNVATiPPr8ww==",
      "dependencies": {
        "@ckeditor/ckeditor5-core": "41.1.0",
        "@ckeditor/ckeditor5-utils": "41.1.0",
        "color-convert": "2.0.1",
        "color-parse": "1.4.2",
        "lodash-es": "4.17.21",
        "vanilla-colorful": "0.7.2"
      }
    },
    "node_modules/@ckeditor/ckeditor5-undo": {
      "version": "41.1.0",
      "resolved": "https://registry.npmjs.org/@ckeditor/ckeditor5-undo/-/ckeditor5-undo-41.1.0.tgz",
      "integrity": "sha512-nNGOfyZzjK5NRckRApUiP1CKfRJgKIqy5CE8z4aAqu0/4KdnajoV8K7U7yEQwtrWeClB8ye0rLEsSH8X+6UWeg==",
      "dependencies": {
        "@ckeditor/ckeditor5-core": "41.1.0",
        "@ckeditor/ckeditor5-engine": "41.1.0",
        "@ckeditor/ckeditor5-ui": "41.1.0"
      }
    },
    "node_modules/@ckeditor/ckeditor5-upload": {
      "version": "41.1.0",
      "resolved": "https://registry.npmjs.org/@ckeditor/ckeditor5-upload/-/ckeditor5-upload-41.1.0.tgz",
      "integrity": "sha512-o64mv8zAJiGMI4Ao/fngZSBpNNCb/THPZc224GEdOrUkXhSpUnHIsXvlsUwwSRSEZuK44vk+OPNGbFloYMk5Eg==",
      "dependencies": {
        "@ckeditor/ckeditor5-core": "41.1.0",
        "@ckeditor/ckeditor5-ui": "41.1.0",
        "@ckeditor/ckeditor5-utils": "41.1.0"
      }
    },
    "node_modules/@ckeditor/ckeditor5-utils": {
      "version": "41.1.0",
      "resolved": "https://registry.npmjs.org/@ckeditor/ckeditor5-utils/-/ckeditor5-utils-41.1.0.tgz",
      "integrity": "sha512-2WtcUHbZ7wJoDVKb1AHeB4OSdf0ZLg1PMemr46yjCHDCf7NunGp/n+suZWloIKPuyG9OPkp9lhIBI4MHeDNHYw==",
      "dependencies": {
        "lodash-es": "4.17.21"
      }
    },
    "node_modules/@ckeditor/ckeditor5-watchdog": {
      "version": "41.1.0",
      "resolved": "https://registry.npmjs.org/@ckeditor/ckeditor5-watchdog/-/ckeditor5-watchdog-41.1.0.tgz",
      "integrity": "sha512-zAKmuUpYW+X80rNFHIZ0cWXZWeXUd86xO+PVfKEmtSt4By4dKA3wDNT0Ub631x+oZQepp2eoG54R7CpLd2WFiw==",
      "dependencies": {
        "lodash-es": "4.17.21"
      }
    },
    "node_modules/@ckeditor/ckeditor5-widget": {
      "version": "41.1.0",
      "resolved": "https://registry.npmjs.org/@ckeditor/ckeditor5-widget/-/ckeditor5-widget-41.1.0.tgz",
      "integrity": "sha512-OBJrBM+43fgmahp3W/MNcliW19JAVVIs7bcY4orMk+ltFptHT2v1fDsLkp7YRsxYi/Ipx6ZjWVjG3DQXAaUjwA==",
      "dependencies": {
        "@ckeditor/ckeditor5-core": "41.1.0",
        "@ckeditor/ckeditor5-engine": "41.1.0",
        "@ckeditor/ckeditor5-enter": "41.1.0",
        "@ckeditor/ckeditor5-typing": "41.1.0",
        "@ckeditor/ckeditor5-ui": "41.1.0",
        "@ckeditor/ckeditor5-utils": "41.1.0",
        "lodash-es": "4.17.21"
      }
    },
    "node_modules/blurhash": {
      "version": "2.0.5",
      "resolved": "https://registry.npmjs.org/blurhash/-/blurhash-2.0.5.tgz",
      "integrity": "sha512-cRygWd7kGBQO3VEhPiTgq4Wc43ctsM+o46urrmPOiuAe+07fzlSB9OJVdpgDL0jPqXUVQ9ht7aq7kxOeJHRK+w=="
    },
    "node_modules/ckeditor5": {
      "version": "41.1.0",
      "resolved": "https://registry.npmjs.org/ckeditor5/-/ckeditor5-41.1.0.tgz",
      "integrity": "sha512-ypqC8jtLztWNgCnN7/E9rjhBP80tFnBVd5DyaaA7qZO0SwdlZeQcp3fy610QC36f9GjUWtwm3qLw9eZWXwPnTg==",
      "dependencies": {
        "@ckeditor/ckeditor5-clipboard": "41.1.0",
        "@ckeditor/ckeditor5-core": "41.1.0",
        "@ckeditor/ckeditor5-engine": "41.1.0",
        "@ckeditor/ckeditor5-enter": "41.1.0",
        "@ckeditor/ckeditor5-paragraph": "41.1.0",
        "@ckeditor/ckeditor5-select-all": "41.1.0",
        "@ckeditor/ckeditor5-typing": "41.1.0",
        "@ckeditor/ckeditor5-ui": "41.1.0",
        "@ckeditor/ckeditor5-undo": "41.1.0",
        "@ckeditor/ckeditor5-upload": "41.1.0",
        "@ckeditor/ckeditor5-utils": "41.1.0",
        "@ckeditor/ckeditor5-watchdog": "41.1.0",
        "@ckeditor/ckeditor5-widget": "41.1.0"
      }
    },
    "node_modules/color-convert": {
      "version": "2.0.1",
      "resolved": "https://registry.npmjs.org/color-convert/-/color-convert-2.0.1.tgz",
      "integrity": "sha512-RRECPsj7iu/xb5oKYcsFHSppFNnsj/52OVTRKb4zP5onXwVF3zVmmToNcOfGC+CRDpfK/U584fMg38ZHCaElKQ==",
      "dependencies": {
        "color-name": "~1.1.4"
      },
      "engines": {
        "node": ">=7.0.0"
      }
    },
    "node_modules/color-name": {
      "version": "1.1.4",
      "resolved": "https://registry.npmjs.org/color-name/-/color-name-1.1.4.tgz",
      "integrity": "sha512-dOy+3AuW3a2wNbZHIuMZpTcgjGuLU/uBL/ubcZF9OXbDo8ff4O8yVp5Bf0efS8uEoYo5q4Fx7dY9OgQGXgAsQA=="
    },
    "node_modules/color-parse": {
      "version": "1.4.2",
      "resolved": "https://registry.npmjs.org/color-parse/-/color-parse-1.4.2.tgz",
      "integrity": "sha512-RI7s49/8yqDj3fECFZjUI1Yi0z/Gq1py43oNJivAIIDSyJiOZLfYCRQEgn8HEVAj++PcRe8AnL2XF0fRJ3BTnA==",
      "dependencies": {
        "color-name": "^1.0.0"
      }
    },
    "node_modules/lodash-es": {
      "version": "4.17.21",
      "resolved": "https://registry.npmjs.org/lodash-es/-/lodash-es-4.17.21.tgz",
      "integrity": "sha512-mKnC+QJ9pWVzv+C4/U3rRsHapFfHvQFoFB92e52xeyGMcX6/OlIl78je1u8vePzYZSkkogMPJ2yjxxsb89cxyw=="
    },
    "node_modules/vanilla-colorful": {
      "version": "0.7.2",
      "resolved": "https://registry.npmjs.org/vanilla-colorful/-/vanilla-colorful-0.7.2.tgz",
      "integrity": "sha512-z2YZusTFC6KnLERx1cgoIRX2CjPRP0W75N+3CC6gbvdX5Ch47rZkEMGO2Xnf+IEmi3RiFLxS18gayMA27iU7Kg=="
    }
  }
}
